
Microsoft Visual Studio Solution File, Format Version 12.00
# Visual Studio 15
VisualStudioVersion = 15.0.26730.12
MinimumVisualStudioVersion = 10.0.40219.1
Project("{FAE04EC0-301F-11D3-BF4B-00C04F79EFBC}") = "MiniMaxAppliedTicTacToe", "MiniMaxAppliedTicTacToe\MiniMaxAppliedTicTacToe.csproj", "{FADEDECD-26D3-4845-B64D-3BC6E054168F}"
EndProject
Global
	GlobalSection(SolutionConfigurationPlatforms) = preSolution
		Debug|Any CPU = Debug|Any CPU
		Release|Any CPU = Release|Any CPU
	EndGlobalSection
	GlobalSection(ProjectConfigurationPlatforms) = postSolution
		{FADEDECD-26D3-4845-B64D-3BC6E054168F}.Debug|Any CPU.ActiveCfg = Debug|Any CPU
		{FADEDECD-26D3-4845-B64D-3BC6E054168F}.Debug|Any CPU.Build.0 = Debug|Any CPU
		{FADEDECD-26D3-4845-B64D-3BC6E054168F}.Release|Any CPU.ActiveCfg = Release|Any CPU
		{FADEDECD-26D3-4845-B64D-3BC6E054168F}.Release|Any CPU.Build.0 = Release|Any CPU
	EndGlobalSection
	GlobalSection(SolutionProperties) = preSolution
		HideSolutionNode = FALSE
	EndGlobalSection
	GlobalSection(ExtensibilityGlobals) = postSolution
		SolutionGuid = {BFA3B676-EE37-4623-A9DE-0AD35512C4D9}
	EndGlobalSection
EndGlobal
